
Microsoft Visual Studio Solution File, Format Version 12.00
# Visual Studio Version 17
VisualStudioVersion = 17.4.33205.214
MinimumVisualStudioVersion = 10.0.40219.1
Project("{FAE04EC0-301F-11D3-BF4B-00C04F79EFBC}") = "lab3.6", "lab3.6.csproj", "{BED12FC2-CFEC-49A5-9521-404A137A8040}"
EndProject
Global
	GlobalSection(SolutionConfigurationPlatforms) = preSolution
		Debug|Any CPU = Debug|Any CPU
		Release|Any CPU = Release|Any CPU
	EndGlobalSection
	GlobalSection(ProjectConfigurationPlatforms) = postSolution
		{BED12FC2-CFEC-49A5-9521-404A137A8040}.Debug|Any CPU.ActiveCfg = Debug|Any CPU
		{BED12FC2-CFEC-49A5-9521-404A137A8040}.Debug|Any CPU.Build.0 = Debug|Any CPU
		{BED12FC2-CFEC-49A5-9521-404A137A8040}.Release|Any CPU.ActiveCfg = Release|Any CPU
		{BED12FC2-CFEC-49A5-9521-404A137A8040}.Release|Any CPU.Build.0 = Release|Any CPU
	EndGlobalSection
	GlobalSection(SolutionProperties) = preSolution
		HideSolutionNode = FALSE
	EndGlobalSection
	GlobalSection(ExtensibilityGlobals) = postSolution
		SolutionGuid = {B8BC5200-8FEC-499F-A2B4-98F03DC6FC1E}
	EndGlobalSection
EndGlobal
